// !$*UTF8*$!
{
	archiveVersion = 1;
	classes = {
	};
	objectVersion = 50;
	objects = {

/* Begin PBXBuildFile section */
		7A5BDA7524D9CF09003F8F96 /* OnBoardingViewController.swift in Sources */ = {isa = PBXBuildFile; fileRef = 7A5BDA7424D9CF09003F8F96 /* OnBoardingViewController.swift */; };
		7A5BDA7724D9D1D1003F8F96 /* OnBoardingPage.swift in Sources */ = {isa = PBXBuildFile; fileRef = 7A5BDA7624D9D1D1003F8F96 /* OnBoardingPage.swift */; };
		7A5BDA7924D9D256003F8F96 /* OnBoardingPageView.swift in Sources */ = {isa = PBXBuildFile; fileRef = 7A5BDA7824D9D256003F8F96 /* OnBoardingPageView.swift */; };
		7A5BDA7B24D9D38E003F8F96 /* OnBoardingSlider.swift in Sources */ = {isa = PBXBuildFile; fileRef = 7A5BDA7A24D9D38E003F8F96 /* OnBoardingSlider.swift */; };
		7A5BDA7D24D9D45C003F8F96 /* PageIndicator.swift in Sources */ = {isa = PBXBuildFile; fileRef = 7A5BDA7C24D9D45C003F8F96 /* PageIndicator.swift */; };
		7A5BDA7F24D9D4A7003F8F96 /* LCButton.swift in Sources */ = {isa = PBXBuildFile; fileRef = 7A5BDA7E24D9D4A7003F8F96 /* LCButton.swift */; };
		7A5BDA8424D9D73B003F8F96 /* OnBoardingView.swift in Sources */ = {isa = PBXBuildFile; fileRef = 7A5BDA8324D9D73B003F8F96 /* OnBoardingView.swift */; };
		D430BF9724DDD9D500C5425C /* User.swift in Sources */ = {isa = PBXBuildFile; fileRef = D430BF9624DDD9D500C5425C /* User.swift */; };
		D430BF9B24DDE7D100C5425C /* LoadingView.swift in Sources */ = {isa = PBXBuildFile; fileRef = D430BF9A24DDE7D100C5425C /* LoadingView.swift */; };
		D430BFA224DDFF1500C5425C /* Protocols.swift in Sources */ = {isa = PBXBuildFile; fileRef = D430BF9C24DDFF1400C5425C /* Protocols.swift */; };
		D430BFA324DDFF1500C5425C /* CodableExtensions.swift in Sources */ = {isa = PBXBuildFile; fileRef = D430BF9D24DDFF1400C5425C /* CodableExtensions.swift */; };
		D430BFA424DDFF1500C5425C /* CKDefaults.swift in Sources */ = {isa = PBXBuildFile; fileRef = D430BF9E24DDFF1400C5425C /* CKDefaults.swift */; };
		D430BFA524DDFF1500C5425C /* Extensions.swift in Sources */ = {isa = PBXBuildFile; fileRef = D430BF9F24DDFF1500C5425C /* Extensions.swift */; };
		D430BFA624DDFF1500C5425C /* Asset.swift in Sources */ = {isa = PBXBuildFile; fileRef = D430BFA024DDFF1500C5425C /* Asset.swift */; };
		D430BFA724DDFF1500C5425C /* Enums.swift in Sources */ = {isa = PBXBuildFile; fileRef = D430BFA124DDFF1500C5425C /* Enums.swift */; };
		D430BFA924DE00ED00C5425C /* ExtensionsRegex.swift in Sources */ = {isa = PBXBuildFile; fileRef = D430BFA824DE00ED00C5425C /* ExtensionsRegex.swift */; };
		D4545E5224CF6A8B0009489C /* MultLineTextField.swift in Sources */ = {isa = PBXBuildFile; fileRef = D4545E5124CF6A8B0009489C /* MultLineTextField.swift */; };
		D4545E5524CF761D0009489C /* ValidationView.swift in Sources */ = {isa = PBXBuildFile; fileRef = D4545E5424CF761D0009489C /* ValidationView.swift */; };
		D4545E8124D1E7670009489C /* AllInProgressView.swift in Sources */ = {isa = PBXBuildFile; fileRef = D4545E8024D1E7670009489C /* AllInProgressView.swift */; };
		D4545E8324D1E94F0009489C /* ProgressBar.swift in Sources */ = {isa = PBXBuildFile; fileRef = D4545E8224D1E94F0009489C /* ProgressBar.swift */; };
		D4545E8524D1F5360009489C /* DemandInProgressView.swift in Sources */ = {isa = PBXBuildFile; fileRef = D4545E8424D1F5360009489C /* DemandInProgressView.swift */; };
		D4545E8724D216150009489C /* NotificationsView.swift in Sources */ = {isa = PBXBuildFile; fileRef = D4545E8624D216150009489C /* NotificationsView.swift */; };
		D49310CE24D8913D00326BDF /* LongText.swift in Sources */ = {isa = PBXBuildFile; fileRef = D49310CD24D8913D00326BDF /* LongText.swift */; };
		D49310D024D8C49200326BDF /* ExploreCard.swift in Sources */ = {isa = PBXBuildFile; fileRef = D49310CF24D8C49200326BDF /* ExploreCard.swift */; };
		D49310D424DA082600326BDF /* CloudKit.framework in Frameworks */ = {isa = PBXBuildFile; fileRef = D49310D324DA082600326BDF /* CloudKit.framework */; };
		D49E292824D4846400487EBD /* StartScreen.swift in Sources */ = {isa = PBXBuildFile; fileRef = D49E292724D4846400487EBD /* StartScreen.swift */; };
		D49E292A24D488BB00487EBD /* MotherView.swift in Sources */ = {isa = PBXBuildFile; fileRef = D49E292924D488BB00487EBD /* MotherView.swift */; };
		D49E292D24D48B0E00487EBD /* ViewRouter.swift in Sources */ = {isa = PBXBuildFile; fileRef = D49E292C24D48B0E00487EBD /* ViewRouter.swift */; };
		D49E292F24D4908100487EBD /* UserTypeView.swift in Sources */ = {isa = PBXBuildFile; fileRef = D49E292E24D4908100487EBD /* UserTypeView.swift */; };
		D49E293124D49BDD00487EBD /* SignUpView.swift in Sources */ = {isa = PBXBuildFile; fileRef = D49E293024D49BDD00487EBD /* SignUpView.swift */; };
		D49E293324D4B6ED00487EBD /* FilterView.swift in Sources */ = {isa = PBXBuildFile; fileRef = D49E293224D4B6ED00487EBD /* FilterView.swift */; };
		D4A3379E24D328F400434DB1 /* Container.swift in Sources */ = {isa = PBXBuildFile; fileRef = D4A3379D24D328F400434DB1 /* Container.swift */; };
		D4A337A124D32C1F00434DB1 /* ProfileView.swift in Sources */ = {isa = PBXBuildFile; fileRef = D4A337A024D32C1F00434DB1 /* ProfileView.swift */; };
		D4A337A324D3534600434DB1 /* ExploreNavBar.swift in Sources */ = {isa = PBXBuildFile; fileRef = D4A337A224D3534600434DB1 /* ExploreNavBar.swift */; };
		D4EA02C524CB569D0063C625 /* AppDelegate.swift in Sources */ = {isa = PBXBuildFile; fileRef = D4EA02C424CB569D0063C625 /* AppDelegate.swift */; };
		D4EA02C724CB569D0063C625 /* SceneDelegate.swift in Sources */ = {isa = PBXBuildFile; fileRef = D4EA02C624CB569D0063C625 /* SceneDelegate.swift */; };
		D4EA02CA24CB569D0063C625 /* Aplicai.xcdatamodeld in Sources */ = {isa = PBXBuildFile; fileRef = D4EA02C824CB569D0063C625 /* Aplicai.xcdatamodeld */; };
		D4EA02CC24CB569D0063C625 /* ContentView.swift in Sources */ = {isa = PBXBuildFile; fileRef = D4EA02CB24CB569D0063C625 /* ContentView.swift */; };
		D4EA02CE24CB569F0063C625 /* Assets.xcassets in Resources */ = {isa = PBXBuildFile; fileRef = D4EA02CD24CB569F0063C625 /* Assets.xcassets */; };
		D4EA02D124CB569F0063C625 /* Preview Assets.xcassets in Resources */ = {isa = PBXBuildFile; fileRef = D4EA02D024CB569F0063C625 /* Preview Assets.xcassets */; };
		D4EA02D424CB569F0063C625 /* LaunchScreen.storyboard in Resources */ = {isa = PBXBuildFile; fileRef = D4EA02D224CB569F0063C625 /* LaunchScreen.storyboard */; };
		D4EA02DE24CB5CA40063C625 /* ExploreView.swift in Sources */ = {isa = PBXBuildFile; fileRef = D4EA02DD24CB5CA40063C625 /* ExploreView.swift */; };
		D4EA02E024CB5D2C0063C625 /* Demand.swift in Sources */ = {isa = PBXBuildFile; fileRef = D4EA02DF24CB5D2C0063C625 /* Demand.swift */; };
		D4EA02E224CB65C30063C625 /* DemandView.swift in Sources */ = {isa = PBXBuildFile; fileRef = D4EA02E124CB65C30063C625 /* DemandView.swift */; };
		D4EA02E424CB7C5C0063C625 /* SubscriptionView.swift in Sources */ = {isa = PBXBuildFile; fileRef = D4EA02E324CB7C5C0063C625 /* SubscriptionView.swift */; };
/* End PBXBuildFile section */

/* Begin PBXFileReference section */
		7A5BDA7424D9CF09003F8F96 /* OnBoardingViewController.swift */ = {isa = PBXFileReference; lastKnownFileType = sourcecode.swift; path = OnBoardingViewController.swift; sourceTree = "<group>"; };
		7A5BDA7624D9D1D1003F8F96 /* OnBoardingPage.swift */ = {isa = PBXFileReference; lastKnownFileType = sourcecode.swift; path = OnBoardingPage.swift; sourceTree = "<group>"; };
		7A5BDA7824D9D256003F8F96 /* OnBoardingPageView.swift */ = {isa = PBXFileReference; lastKnownFileType = sourcecode.swift; path = OnBoardingPageView.swift; sourceTree = "<group>"; };
		7A5BDA7A24D9D38E003F8F96 /* OnBoardingSlider.swift */ = {isa = PBXFileReference; lastKnownFileType = sourcecode.swift; path = OnBoardingSlider.swift; sourceTree = "<group>"; };
		7A5BDA7C24D9D45C003F8F96 /* PageIndicator.swift */ = {isa = PBXFileReference; lastKnownFileType = sourcecode.swift; path = PageIndicator.swift; sourceTree = "<group>"; };
		7A5BDA7E24D9D4A7003F8F96 /* LCButton.swift */ = {isa = PBXFileReference; lastKnownFileType = sourcecode.swift; path = LCButton.swift; sourceTree = "<group>"; };
		7A5BDA8324D9D73B003F8F96 /* OnBoardingView.swift */ = {isa = PBXFileReference; lastKnownFileType = sourcecode.swift; path = OnBoardingView.swift; sourceTree = "<group>"; };
		D430BF9624DDD9D500C5425C /* User.swift */ = {isa = PBXFileReference; fileEncoding = 4; lastKnownFileType = sourcecode.swift; path = User.swift; sourceTree = "<group>"; };
		D430BF9A24DDE7D100C5425C /* LoadingView.swift */ = {isa = PBXFileReference; lastKnownFileType = sourcecode.swift; path = LoadingView.swift; sourceTree = "<group>"; };
		D430BF9C24DDFF1400C5425C /* Protocols.swift */ = {isa = PBXFileReference; fileEncoding = 4; lastKnownFileType = sourcecode.swift; path = Protocols.swift; sourceTree = "<group>"; };
		D430BF9D24DDFF1400C5425C /* CodableExtensions.swift */ = {isa = PBXFileReference; fileEncoding = 4; lastKnownFileType = sourcecode.swift; path = CodableExtensions.swift; sourceTree = "<group>"; };
		D430BF9E24DDFF1400C5425C /* CKDefaults.swift */ = {isa = PBXFileReference; fileEncoding = 4; lastKnownFileType = sourcecode.swift; path = CKDefaults.swift; sourceTree = "<group>"; };
		D430BF9F24DDFF1500C5425C /* Extensions.swift */ = {isa = PBXFileReference; fileEncoding = 4; lastKnownFileType = sourcecode.swift; path = Extensions.swift; sourceTree = "<group>"; };
		D430BFA024DDFF1500C5425C /* Asset.swift */ = {isa = PBXFileReference; fileEncoding = 4; lastKnownFileType = sourcecode.swift; path = Asset.swift; sourceTree = "<group>"; };
		D430BFA124DDFF1500C5425C /* Enums.swift */ = {isa = PBXFileReference; fileEncoding = 4; lastKnownFileType = sourcecode.swift; path = Enums.swift; sourceTree = "<group>"; };
		D430BFA824DE00ED00C5425C /* ExtensionsRegex.swift */ = {isa = PBXFileReference; lastKnownFileType = sourcecode.swift; path = ExtensionsRegex.swift; sourceTree = "<group>"; };
		D4545E5124CF6A8B0009489C /* MultLineTextField.swift */ = {isa = PBXFileReference; fileEncoding = 4; lastKnownFileType = sourcecode.swift; path = MultLineTextField.swift; sourceTree = "<group>"; };
		D4545E5424CF761D0009489C /* ValidationView.swift */ = {isa = PBXFileReference; lastKnownFileType = sourcecode.swift; path = ValidationView.swift; sourceTree = "<group>"; };
		D4545E8024D1E7670009489C /* AllInProgressView.swift */ = {isa = PBXFileReference; lastKnownFileType = sourcecode.swift; path = AllInProgressView.swift; sourceTree = "<group>"; };
		D4545E8224D1E94F0009489C /* ProgressBar.swift */ = {isa = PBXFileReference; lastKnownFileType = sourcecode.swift; path = ProgressBar.swift; sourceTree = "<group>"; };
		D4545E8424D1F5360009489C /* DemandInProgressView.swift */ = {isa = PBXFileReference; lastKnownFileType = sourcecode.swift; path = DemandInProgressView.swift; sourceTree = "<group>"; };
		D4545E8624D216150009489C /* NotificationsView.swift */ = {isa = PBXFileReference; lastKnownFileType = sourcecode.swift; path = NotificationsView.swift; sourceTree = "<group>"; };
		D49310CD24D8913D00326BDF /* LongText.swift */ = {isa = PBXFileReference; lastKnownFileType = sourcecode.swift; path = LongText.swift; sourceTree = "<group>"; };
		D49310CF24D8C49200326BDF /* ExploreCard.swift */ = {isa = PBXFileReference; lastKnownFileType = sourcecode.swift; path = ExploreCard.swift; sourceTree = "<group>"; };
		D49310D124DA079C00326BDF /* Aplicai.entitlements */ = {isa = PBXFileReference; lastKnownFileType = text.plist.entitlements; path = Aplicai.entitlements; sourceTree = "<group>"; };
		D49310D324DA082600326BDF /* CloudKit.framework */ = {isa = PBXFileReference; lastKnownFileType = wrapper.framework; name = CloudKit.framework; path = System/Library/Frameworks/CloudKit.framework; sourceTree = SDKROOT; };
		D49E292724D4846400487EBD /* StartScreen.swift */ = {isa = PBXFileReference; lastKnownFileType = sourcecode.swift; path = StartScreen.swift; sourceTree = "<group>"; };
		D49E292924D488BB00487EBD /* MotherView.swift */ = {isa = PBXFileReference; lastKnownFileType = sourcecode.swift; path = MotherView.swift; sourceTree = "<group>"; };
		D49E292C24D48B0E00487EBD /* ViewRouter.swift */ = {isa = PBXFileReference; lastKnownFileType = sourcecode.swift; path = ViewRouter.swift; sourceTree = "<group>"; };
		D49E292E24D4908100487EBD /* UserTypeView.swift */ = {isa = PBXFileReference; lastKnownFileType = sourcecode.swift; path = UserTypeView.swift; sourceTree = "<group>"; };
		D49E293024D49BDD00487EBD /* SignUpView.swift */ = {isa = PBXFileReference; lastKnownFileType = sourcecode.swift; path = SignUpView.swift; sourceTree = "<group>"; };
		D49E293224D4B6ED00487EBD /* FilterView.swift */ = {isa = PBXFileReference; lastKnownFileType = sourcecode.swift; path = FilterView.swift; sourceTree = "<group>"; };
		D4A3379D24D328F400434DB1 /* Container.swift */ = {isa = PBXFileReference; lastKnownFileType = sourcecode.swift; path = Container.swift; sourceTree = "<group>"; };
		D4A337A024D32C1F00434DB1 /* ProfileView.swift */ = {isa = PBXFileReference; lastKnownFileType = sourcecode.swift; path = ProfileView.swift; sourceTree = "<group>"; };
		D4A337A224D3534600434DB1 /* ExploreNavBar.swift */ = {isa = PBXFileReference; lastKnownFileType = sourcecode.swift; path = ExploreNavBar.swift; sourceTree = "<group>"; };
		D4EA02C124CB569D0063C625 /* Aplicai.app */ = {isa = PBXFileReference; explicitFileType = wrapper.application; includeInIndex = 0; path = Aplicai.app; sourceTree = BUILT_PRODUCTS_DIR; };
		D4EA02C424CB569D0063C625 /* AppDelegate.swift */ = {isa = PBXFileReference; lastKnownFileType = sourcecode.swift; path = AppDelegate.swift; sourceTree = "<group>"; };
		D4EA02C624CB569D0063C625 /* SceneDelegate.swift */ = {isa = PBXFileReference; lastKnownFileType = sourcecode.swift; path = SceneDelegate.swift; sourceTree = "<group>"; };
		D4EA02C924CB569D0063C625 /* Aplicai.xcdatamodel */ = {isa = PBXFileReference; lastKnownFileType = wrapper.xcdatamodel; path = Aplicai.xcdatamodel; sourceTree = "<group>"; };
		D4EA02CB24CB569D0063C625 /* ContentView.swift */ = {isa = PBXFileReference; lastKnownFileType = sourcecode.swift; path = ContentView.swift; sourceTree = "<group>"; };
		D4EA02CD24CB569F0063C625 /* Assets.xcassets */ = {isa = PBXFileReference; lastKnownFileType = folder.assetcatalog; path = Assets.xcassets; sourceTree = "<group>"; };
		D4EA02D024CB569F0063C625 /* Preview Assets.xcassets */ = {isa = PBXFileReference; lastKnownFileType = folder.assetcatalog; path = "Preview Assets.xcassets"; sourceTree = "<group>"; };
		D4EA02D324CB569F0063C625 /* Base */ = {isa = PBXFileReference; lastKnownFileType = file.storyboard; name = Base; path = Base.lproj/LaunchScreen.storyboard; sourceTree = "<group>"; };
		D4EA02D524CB569F0063C625 /* Info.plist */ = {isa = PBXFileReference; lastKnownFileType = text.plist.xml; path = Info.plist; sourceTree = "<group>"; };
		D4EA02DD24CB5CA40063C625 /* ExploreView.swift */ = {isa = PBXFileReference; lastKnownFileType = sourcecode.swift; path = ExploreView.swift; sourceTree = "<group>"; };
		D4EA02DF24CB5D2C0063C625 /* Demand.swift */ = {isa = PBXFileReference; lastKnownFileType = sourcecode.swift; path = Demand.swift; sourceTree = "<group>"; };
		D4EA02E124CB65C30063C625 /* DemandView.swift */ = {isa = PBXFileReference; lastKnownFileType = sourcecode.swift; path = DemandView.swift; sourceTree = "<group>"; };
		D4EA02E324CB7C5C0063C625 /* SubscriptionView.swift */ = {isa = PBXFileReference; lastKnownFileType = sourcecode.swift; path = SubscriptionView.swift; sourceTree = "<group>"; };
/* End PBXFileReference section */

/* Begin PBXFrameworksBuildPhase section */
		D4EA02BE24CB569D0063C625 /* Frameworks */ = {
			isa = PBXFrameworksBuildPhase;
			buildActionMask = 2147483647;
			files = (
				D49310D424DA082600326BDF /* CloudKit.framework in Frameworks */,
			);
			runOnlyForDeploymentPostprocessing = 0;
		};
/* End PBXFrameworksBuildPhase section */

/* Begin PBXGroup section */
		7A5BDA8024D9D59D003F8F96 /* OnBoarding */ = {
			isa = PBXGroup;
			children = (
				7A5BDA7E24D9D4A7003F8F96 /* LCButton.swift */,
				7A5BDA7C24D9D45C003F8F96 /* PageIndicator.swift */,
				7A5BDA7824D9D256003F8F96 /* OnBoardingPageView.swift */,
				7A5BDA7A24D9D38E003F8F96 /* OnBoardingSlider.swift */,
			);
			name = OnBoarding;
			sourceTree = "<group>";
		};
		D430BF8B24DDD9A300C5425C /* CKMagicCRUD */ = {
			isa = PBXGroup;
			children = (
				D430BFA024DDFF1500C5425C /* Asset.swift */,
				D430BF9E24DDFF1400C5425C /* CKDefaults.swift */,
				D430BF9D24DDFF1400C5425C /* CodableExtensions.swift */,
				D430BFA124DDFF1500C5425C /* Enums.swift */,
				D430BF9F24DDFF1500C5425C /* Extensions.swift */,
				D430BF9C24DDFF1400C5425C /* Protocols.swift */,
			);
			path = CKMagicCRUD;
			sourceTree = "<group>";
		};
		D49310D224DA082600326BDF /* Frameworks */ = {
			isa = PBXGroup;
			children = (
				D49310D324DA082600326BDF /* CloudKit.framework */,
			);
			name = Frameworks;
			sourceTree = "<group>";
		};
		D49E292B24D48B0000487EBD /* Controller */ = {
			isa = PBXGroup;
			children = (
				D4EA02C424CB569D0063C625 /* AppDelegate.swift */,
				D4EA02C624CB569D0063C625 /* SceneDelegate.swift */,
				7A5BDA7424D9CF09003F8F96 /* OnBoardingViewController.swift */,
				D49E292C24D48B0E00487EBD /* ViewRouter.swift */,
				D430BFA824DE00ED00C5425C /* ExtensionsRegex.swift */,
			);
			path = Controller;
			sourceTree = "<group>";
		};
		D4A3379F24D32A7F00434DB1 /* Components */ = {
			isa = PBXGroup;
			children = (
				7A5BDA8024D9D59D003F8F96 /* OnBoarding */,
				D4A3379D24D328F400434DB1 /* Container.swift */,
				D4545E8224D1E94F0009489C /* ProgressBar.swift */,
				D4545E5124CF6A8B0009489C /* MultLineTextField.swift */,
				D4A337A224D3534600434DB1 /* ExploreNavBar.swift */,
				D49310CD24D8913D00326BDF /* LongText.swift */,
				D49310CF24D8C49200326BDF /* ExploreCard.swift */,
			);
			name = Components;
			sourceTree = "<group>";
		};
		D4EA02B824CB569D0063C625 = {
			isa = PBXGroup;
			children = (
				D4EA02C324CB569D0063C625 /* Aplicai */,
				D4EA02C224CB569D0063C625 /* Products */,
				D49310D224DA082600326BDF /* Frameworks */,
			);
			sourceTree = "<group>";
		};
		D4EA02C224CB569D0063C625 /* Products */ = {
			isa = PBXGroup;
			children = (
				D4EA02C124CB569D0063C625 /* Aplicai.app */,
			);
			name = Products;
			sourceTree = "<group>";
		};
		D4EA02C324CB569D0063C625 /* Aplicai */ = {
			isa = PBXGroup;
			children = (
				D49310D124DA079C00326BDF /* Aplicai.entitlements */,
				D49E292B24D48B0000487EBD /* Controller */,
				D4EA02DC24CB5C5A0063C625 /* Model */,
				D4EA02DB24CB5C490063C625 /* View */,
				D4EA02CD24CB569F0063C625 /* Assets.xcassets */,
				D4EA02D224CB569F0063C625 /* LaunchScreen.storyboard */,
				D4EA02D524CB569F0063C625 /* Info.plist */,
				D4EA02C824CB569D0063C625 /* Aplicai.xcdatamodeld */,
				D4EA02CF24CB569F0063C625 /* Preview Content */,
			);
			path = Aplicai;
			sourceTree = "<group>";
		};
		D4EA02CF24CB569F0063C625 /* Preview Content */ = {
			isa = PBXGroup;
			children = (
				D4EA02D024CB569F0063C625 /* Preview Assets.xcassets */,
			);
			path = "Preview Content";
			sourceTree = "<group>";
		};
		D4EA02DB24CB5C490063C625 /* View */ = {
			isa = PBXGroup;
			children = (
				D4A3379F24D32A7F00434DB1 /* Components */,
				D430BF9A24DDE7D100C5425C /* LoadingView.swift */,
				D49E292924D488BB00487EBD /* MotherView.swift */,
				D49E292E24D4908100487EBD /* UserTypeView.swift */,
				7A5BDA8324D9D73B003F8F96 /* OnBoardingView.swift */,
				D49E293024D49BDD00487EBD /* SignUpView.swift */,
				D4EA02CB24CB569D0063C625 /* ContentView.swift */,
				D4EA02DD24CB5CA40063C625 /* ExploreView.swift */,
				D4EA02E124CB65C30063C625 /* DemandView.swift */,
				D4EA02E324CB7C5C0063C625 /* SubscriptionView.swift */,
				D4545E5424CF761D0009489C /* ValidationView.swift */,
				D49E292724D4846400487EBD /* StartScreen.swift */,
				D49E293224D4B6ED00487EBD /* FilterView.swift */,
				D4545E8024D1E7670009489C /* AllInProgressView.swift */,
				D4545E8424D1F5360009489C /* DemandInProgressView.swift */,
				D4545E8624D216150009489C /* NotificationsView.swift */,
				D4A337A024D32C1F00434DB1 /* ProfileView.swift */,
			);
			path = View;
			sourceTree = "<group>";
		};
		D4EA02DC24CB5C5A0063C625 /* Model */ = {
			isa = PBXGroup;
			children = (
				D430BF8B24DDD9A300C5425C /* CKMagicCRUD */,
				D430BF9624DDD9D500C5425C /* User.swift */,
				D4EA02DF24CB5D2C0063C625 /* Demand.swift */,
				7A5BDA7624D9D1D1003F8F96 /* OnBoardingPage.swift */,
			);
			path = Model;
			sourceTree = "<group>";
		};
/* End PBXGroup section */

/* Begin PBXNativeTarget section */
		D4EA02C024CB569D0063C625 /* Aplicai */ = {
			isa = PBXNativeTarget;
			buildConfigurationList = D4EA02D824CB569F0063C625 /* Build configuration list for PBXNativeTarget "Aplicai" */;
			buildPhases = (
				D4EA02BD24CB569D0063C625 /* Sources */,
				D4EA02BE24CB569D0063C625 /* Frameworks */,
				D4EA02BF24CB569D0063C625 /* Resources */,
			);
			buildRules = (
			);
			dependencies = (
			);
			name = Aplicai;
			packageProductDependencies = (
			);
			productName = Aplicai;
			productReference = D4EA02C124CB569D0063C625 /* Aplicai.app */;
			productType = "com.apple.product-type.application";
		};
/* End PBXNativeTarget section */

/* Begin PBXProject section */
		D4EA02B924CB569D0063C625 /* Project object */ = {
			isa = PBXProject;
			attributes = {
				LastSwiftUpdateCheck = 1160;
				LastUpgradeCheck = 1160;
				ORGANIZATIONNAME = "Frederico Lacis de Carvalho";
				TargetAttributes = {
					D4EA02C024CB569D0063C625 = {
						CreatedOnToolsVersion = 11.6;
					};
				};
			};
			buildConfigurationList = D4EA02BC24CB569D0063C625 /* Build configuration list for PBXProject "Aplicai" */;
			compatibilityVersion = "Xcode 9.3";
			developmentRegion = en;
			hasScannedForEncodings = 0;
			knownRegions = (
				en,
				Base,
			);
			mainGroup = D4EA02B824CB569D0063C625;
			packageReferences = (
			);
			productRefGroup = D4EA02C224CB569D0063C625 /* Products */;
			projectDirPath = "";
			projectRoot = "";
			targets = (
				D4EA02C024CB569D0063C625 /* Aplicai */,
			);
		};
/* End PBXProject section */

/* Begin PBXResourcesBuildPhase section */
		D4EA02BF24CB569D0063C625 /* Resources */ = {
			isa = PBXResourcesBuildPhase;
			buildActionMask = 2147483647;
			files = (
				D4EA02D424CB569F0063C625 /* LaunchScreen.storyboard in Resources */,
				D4EA02D124CB569F0063C625 /* Preview Assets.xcassets in Resources */,
				D4EA02CE24CB569F0063C625 /* Assets.xcassets in Resources */,
			);
			runOnlyForDeploymentPostprocessing = 0;
		};
/* End PBXResourcesBuildPhase section */

/* Begin PBXSourcesBuildPhase section */
		D4EA02BD24CB569D0063C625 /* Sources */ = {
			isa = PBXSourcesBuildPhase;
			buildActionMask = 2147483647;
			files = (
				D4545E5224CF6A8B0009489C /* MultLineTextField.swift in Sources */,
				D49310D024D8C49200326BDF /* ExploreCard.swift in Sources */,
				D430BFA424DDFF1500C5425C /* CKDefaults.swift in Sources */,
				D4EA02CA24CB569D0063C625 /* Aplicai.xcdatamodeld in Sources */,
				D4EA02E424CB7C5C0063C625 /* SubscriptionView.swift in Sources */,
				7A5BDA7724D9D1D1003F8F96 /* OnBoardingPage.swift in Sources */,
				D4EA02C524CB569D0063C625 /* AppDelegate.swift in Sources */,
				D430BFA524DDFF1500C5425C /* Extensions.swift in Sources */,
				D4EA02DE24CB5CA40063C625 /* ExploreView.swift in Sources */,
				D4EA02E224CB65C30063C625 /* DemandView.swift in Sources */,
				D430BFA324DDFF1500C5425C /* CodableExtensions.swift in Sources */,
				D49310CE24D8913D00326BDF /* LongText.swift in Sources */,
				7A5BDA7924D9D256003F8F96 /* OnBoardingPageView.swift in Sources */,
				D430BF9B24DDE7D100C5425C /* LoadingView.swift in Sources */,
				D49E293324D4B6ED00487EBD /* FilterView.swift in Sources */,
				D4EA02CC24CB569D0063C625 /* ContentView.swift in Sources */,
				7A5BDA7B24D9D38E003F8F96 /* OnBoardingSlider.swift in Sources */,
				7A5BDA8424D9D73B003F8F96 /* OnBoardingView.swift in Sources */,
				D4A3379E24D328F400434DB1 /* Container.swift in Sources */,
				D4A337A124D32C1F00434DB1 /* ProfileView.swift in Sources */,
				D4545E5524CF761D0009489C /* ValidationView.swift in Sources */,
				D49E292F24D4908100487EBD /* UserTypeView.swift in Sources */,
				D430BFA724DDFF1500C5425C /* Enums.swift in Sources */,
				7A5BDA7F24D9D4A7003F8F96 /* LCButton.swift in Sources */,
				D430BFA924DE00ED00C5425C /* ExtensionsRegex.swift in Sources */,
				D4A337A324D3534600434DB1 /* ExploreNavBar.swift in Sources */,
				D4545E8524D1F5360009489C /* DemandInProgressView.swift in Sources */,
				D4EA02E024CB5D2C0063C625 /* Demand.swift in Sources */,
				D430BF9724DDD9D500C5425C /* User.swift in Sources */,
				D430BFA624DDFF1500C5425C /* Asset.swift in Sources */,
				D4545E8124D1E7670009489C /* AllInProgressView.swift in Sources */,
				D49E292824D4846400487EBD /* StartScreen.swift in Sources */,
				D49E293124D49BDD00487EBD /* SignUpView.swift in Sources */,
				D49E292D24D48B0E00487EBD /* ViewRouter.swift in Sources */,
				D4545E8324D1E94F0009489C /* ProgressBar.swift in Sources */,
				D4EA02C724CB569D0063C625 /* SceneDelegate.swift in Sources */,
				D430BFA224DDFF1500C5425C /* Protocols.swift in Sources */,
				7A5BDA7524D9CF09003F8F96 /* OnBoardingViewController.swift in Sources */,
				D49E292A24D488BB00487EBD /* MotherView.swift in Sources */,
				7A5BDA7D24D9D45C003F8F96 /* PageIndicator.swift in Sources */,
				D4545E8724D216150009489C /* NotificationsView.swift in Sources */,
			);
			runOnlyForDeploymentPostprocessing = 0;
		};
/* End PBXSourcesBuildPhase section */

/* Begin PBXVariantGroup section */
		D4EA02D224CB569F0063C625 /* LaunchScreen.storyboard */ = {
			isa = PBXVariantGroup;
			children = (
				D4EA02D324CB569F0063C625 /* Base */,
			);
			name = LaunchScreen.storyboard;
			sourceTree = "<group>";
		};
/* End PBXVariantGroup section */

/* Begin XCBuildConfiguration section */
		D4EA02D624CB569F0063C625 /* Debug */ = {
			isa = XCBuildConfiguration;
			buildSettings = {
				ALWAYS_SEARCH_USER_PATHS = NO;
				CLANG_ANALYZER_NONNULL = YES;
				CLANG_ANALYZER_NUMBER_OBJECT_CONVERSION = YES_AGGRESSIVE;
				CLANG_CXX_LANGUAGE_STANDARD = "gnu++14";
				CLANG_CXX_LIBRARY = "libc++";
				CLANG_ENABLE_MODULES = YES;
				CLANG_ENABLE_OBJC_ARC = YES;
				CLANG_ENABLE_OBJC_WEAK = YES;
				CLANG_WARN_BLOCK_CAPTURE_AUTORELEASING = YES;
				CLANG_WARN_BOOL_CONVERSION = YES;
				CLANG_WARN_COMMA = YES;
				CLANG_WARN_CONSTANT_CONVERSION = YES;
				CLANG_WARN_DEPRECATED_OBJC_IMPLEMENTATIONS = YES;
				CLANG_WARN_DIRECT_OBJC_ISA_USAGE = YES_ERROR;
				CLANG_WARN_DOCUMENTATION_COMMENTS = YES;
				CLANG_WARN_EMPTY_BODY = YES;
				CLANG_WARN_ENUM_CONVERSION = YES;
				CLANG_WARN_INFINITE_RECURSION = YES;
				CLANG_WARN_INT_CONVERSION = YES;
				CLANG_WARN_NON_LITERAL_NULL_CONVERSION = YES;
				CLANG_WARN_OBJC_IMPLICIT_RETAIN_SELF = YES;
				CLANG_WARN_OBJC_LITERAL_CONVERSION = YES;
				CLANG_WARN_OBJC_ROOT_CLASS = YES_ERROR;
				CLANG_WARN_RANGE_LOOP_ANALYSIS = YES;
				CLANG_WARN_STRICT_PROTOTYPES = YES;
				CLANG_WARN_SUSPICIOUS_MOVE = YES;
				CLANG_WARN_UNGUARDED_AVAILABILITY = YES_AGGRESSIVE;
				CLANG_WARN_UNREACHABLE_CODE = YES;
				CLANG_WARN__DUPLICATE_METHOD_MATCH = YES;
				COPY_PHASE_STRIP = NO;
				DEBUG_INFORMATION_FORMAT = dwarf;
				ENABLE_STRICT_OBJC_MSGSEND = YES;
				ENABLE_TESTABILITY = YES;
				GCC_C_LANGUAGE_STANDARD = gnu11;
				GCC_DYNAMIC_NO_PIC = NO;
				GCC_NO_COMMON_BLOCKS = YES;
				GCC_OPTIMIZATION_LEVEL = 0;
				GCC_PREPROCESSOR_DEFINITIONS = (
					"DEBUG=1",
					"$(inherited)",
				);
				GCC_WARN_64_TO_32_BIT_CONVERSION = YES;
				GCC_WARN_ABOUT_RETURN_TYPE = YES_ERROR;
				GCC_WARN_UNDECLARED_SELECTOR = YES;
				GCC_WARN_UNINITIALIZED_AUTOS = YES_AGGRESSIVE;
				GCC_WARN_UNUSED_FUNCTION = YES;
				GCC_WARN_UNUSED_VARIABLE = YES;
				IPHONEOS_DEPLOYMENT_TARGET = 13.6;
				MTL_ENABLE_DEBUG_INFO = INCLUDE_SOURCE;
				MTL_FAST_MATH = YES;
				ONLY_ACTIVE_ARCH = YES;
				SDKROOT = iphoneos;
				SWIFT_ACTIVE_COMPILATION_CONDITIONS = DEBUG;
				SWIFT_OPTIMIZATION_LEVEL = "-Onone";
			};
			name = Debug;
		};
		D4EA02D724CB569F0063C625 /* Release */ = {
			isa = XCBuildConfiguration;
			buildSettings = {
				ALWAYS_SEARCH_USER_PATHS = NO;
				CLANG_ANALYZER_NONNULL = YES;
				CLANG_ANALYZER_NUMBER_OBJECT_CONVERSION = YES_AGGRESSIVE;
				CLANG_CXX_LANGUAGE_STANDARD = "gnu++14";
				CLANG_CXX_LIBRARY = "libc++";
				CLANG_ENABLE_MODULES = YES;
				CLANG_ENABLE_OBJC_ARC = YES;
				CLANG_ENABLE_OBJC_WEAK = YES;
				CLANG_WARN_BLOCK_CAPTURE_AUTORELEASING = YES;
				CLANG_WARN_BOOL_CONVERSION = YES;
				CLANG_WARN_COMMA = YES;
				CLANG_WARN_CONSTANT_CONVERSION = YES;
				CLANG_WARN_DEPRECATED_OBJC_IMPLEMENTATIONS = YES;
				CLANG_WARN_DIRECT_OBJC_ISA_USAGE = YES_ERROR;
				CLANG_WARN_DOCUMENTATION_COMMENTS = YES;
				CLANG_WARN_EMPTY_BODY = YES;
				CLANG_WARN_ENUM_CONVERSION = YES;
				CLANG_WARN_INFINITE_RECURSION = YES;
				CLANG_WARN_INT_CONVERSION = YES;
				CLANG_WARN_NON_LITERAL_NULL_CONVERSION = YES;
				CLANG_WARN_OBJC_IMPLICIT_RETAIN_SELF = YES;
				CLANG_WARN_OBJC_LITERAL_CONVERSION = YES;
				CLANG_WARN_OBJC_ROOT_CLASS = YES_ERROR;
				CLANG_WARN_RANGE_LOOP_ANALYSIS = YES;
				CLANG_WARN_STRICT_PROTOTYPES = YES;
				CLANG_WARN_SUSPICIOUS_MOVE = YES;
				CLANG_WARN_UNGUARDED_AVAILABILITY = YES_AGGRESSIVE;
				CLANG_WARN_UNREACHABLE_CODE = YES;
				CLANG_WARN__DUPLICATE_METHOD_MATCH = YES;
				COPY_PHASE_STRIP = NO;
				DEBUG_INFORMATION_FORMAT = "dwarf-with-dsym";
				ENABLE_NS_ASSERTIONS = NO;
				ENABLE_STRICT_OBJC_MSGSEND = YES;
				GCC_C_LANGUAGE_STANDARD = gnu11;
				GCC_NO_COMMON_BLOCKS = YES;
				GCC_WARN_64_TO_32_BIT_CONVERSION = YES;
				GCC_WARN_ABOUT_RETURN_TYPE = YES_ERROR;
				GCC_WARN_UNDECLARED_SELECTOR = YES;
				GCC_WARN_UNINITIALIZED_AUTOS = YES_AGGRESSIVE;
				GCC_WARN_UNUSED_FUNCTION = YES;
				GCC_WARN_UNUSED_VARIABLE = YES;
				IPHONEOS_DEPLOYMENT_TARGET = 13.6;
				MTL_ENABLE_DEBUG_INFO = NO;
				MTL_FAST_MATH = YES;
				SDKROOT = iphoneos;
				SWIFT_COMPILATION_MODE = wholemodule;
				SWIFT_OPTIMIZATION_LEVEL = "-O";
				VALIDATE_PRODUCT = YES;
			};
			name = Release;
		};
		D4EA02D924CB569F0063C625 /* Debug */ = {
			isa = XCBuildConfiguration;
			buildSettings = {
				ASSETCATALOG_COMPILER_APPICON_NAME = AppIcon;
				CODE_SIGN_ENTITLEMENTS = Aplicai/Aplicai.entitlements;
				CODE_SIGN_STYLE = Automatic;
				DEVELOPMENT_ASSET_PATHS = "\"Aplicai/Preview Content\"";
				DEVELOPMENT_TEAM = F8Q8C944BU;
				ENABLE_PREVIEWS = YES;
				INFOPLIST_FILE = Aplicai/Info.plist;
				IPHONEOS_DEPLOYMENT_TARGET = 13.5;
				LD_RUNPATH_SEARCH_PATHS = (
					"$(inherited)",
					"@executable_path/Frameworks",
				);
				PRODUCT_BUNDLE_IDENTIFIER = com.timeGorgona.Aplicai;
				PRODUCT_NAME = Aplicai;
				SWIFT_VERSION = 5.0;
				TARGETED_DEVICE_FAMILY = "1,2";
			};
			name = Debug;
		};
		D4EA02DA24CB569F0063C625 /* Release */ = {
			isa = XCBuildConfiguration;
			buildSettings = {
				ASSETCATALOG_COMPILER_APPICON_NAME = AppIcon;
				CODE_SIGN_ENTITLEMENTS = Aplicai/Aplicai.entitlements;
				CODE_SIGN_STYLE = Automatic;
				DEVELOPMENT_ASSET_PATHS = "\"Aplicai/Preview Content\"";
				DEVELOPMENT_TEAM = F8Q8C944BU;
				ENABLE_PREVIEWS = YES;
				INFOPLIST_FILE = Aplicai/Info.plist;
				IPHONEOS_DEPLOYMENT_TARGET = 13.5;
				LD_RUNPATH_SEARCH_PATHS = (
					"$(inherited)",
					"@executable_path/Frameworks",
				);
				PRODUCT_BUNDLE_IDENTIFIER = com.timeGorgona.Aplicai;
				PRODUCT_NAME = Aplicai;
				SWIFT_VERSION = 5.0;
				TARGETED_DEVICE_FAMILY = "1,2";
			};
			name = Release;
		};
/* End XCBuildConfiguration section */

/* Begin XCConfigurationList section */
		D4EA02BC24CB569D0063C625 /* Build configuration list for PBXProject "Aplicai" */ = {
			isa = XCConfigurationList;
			buildConfigurations = (
				D4EA02D624CB569F0063C625 /* Debug */,
				D4EA02D724CB569F0063C625 /* Release */,
			);
			defaultConfigurationIsVisible = 0;
			defaultConfigurationName = Release;
		};
		D4EA02D824CB569F0063C625 /* Build configuration list for PBXNativeTarget "Aplicai" */ = {
			isa = XCConfigurationList;
			buildConfigurations = (
				D4EA02D924CB569F0063C625 /* Debug */,
				D4EA02DA24CB569F0063C625 /* Release */,
			);
			defaultConfigurationIsVisible = 0;
			defaultConfigurationName = Release;
		};
/* End XCConfigurationList section */

/* Begin XCVersionGroup section */
		D4EA02C824CB569D0063C625 /* Aplicai.xcdatamodeld */ = {
			isa = XCVersionGroup;
			children = (
				D4EA02C924CB569D0063C625 /* Aplicai.xcdatamodel */,
			);
			currentVersion = D4EA02C924CB569D0063C625 /* Aplicai.xcdatamodel */;
			path = Aplicai.xcdatamodeld;
			sourceTree = "<group>";
			versionGroupType = wrapper.xcdatamodel;
		};
/* End XCVersionGroup section */
	};
	rootObject = D4EA02B924CB569D0063C625 /* Project object */;
}
